Microsoft Visual Studio Solution File, Format Version 12.00
# Visual Studio Version 16
VisualStudioVersion = 16.0.29613.14
MinimumVisualStudioVersion = 15.0.26124.0
Project("{2150E333-8FDC-42A3-9474-1A3956D46DE8}") = "Solution Items", "Solution Items", "{A122EAED-1BEA-4171-8B57-0DCB8FA0B769}"
	ProjectSection(SolutionItems) = preProject
		..\README.md = ..\README.md
	EndProjectSection
EndProject
Project("{9A19103F-16F7-4668-BE54-9A1E7A4F7556}") = "Amido.Stacks.Data.Documents.CosmosDB", "Amido.Stacks.Data.Documents.CosmosDB\Amido.Stacks.Data.Documents.CosmosDB.csproj", "{42745D44-2F89-4541-9461-C86A4CEBD6E1}"
EndProject
Project("{9A19103F-16F7-4668-BE54-9A1E7A4F7556}") = "Amido.Stacks.Data.Documents.CosmosDB.Tests", "Amido.Stacks.Data.Documents.CosmosDB.Tests\Amido.Stacks.Data.Documents.CosmosDB.Tests.csproj", "{765F316F-30D7-4D62-B7D5-B1740C39953A}"
EndProject
Global
	GlobalSection(SolutionConfigurationPlatforms) = preSolution
		Debug|Any CPU = Debug|Any CPU
		Debug|x64 = Debug|x64
		Debug|x86 = Debug|x86
		Release|Any CPU = Release|Any CPU
		Release|x64 = Release|x64
		Release|x86 = Release|x86
	EndGlobalSection
	GlobalSection(ProjectConfigurationPlatforms) = postSolution
		{42745D44-2F89-4541-9461-C86A4CEBD6E1}.Debug|Any CPU.ActiveCfg = Debug|Any CPU
		{42745D44-2F89-4541-9461-C86A4CEBD6E1}.Debug|Any CPU.Build.0 = Debug|Any CPU
		{42745D44-2F89-4541-9461-C86A4CEBD6E1}.Debug|x64.ActiveCfg = Debug|Any CPU
		{42745D44-2F89-4541-9461-C86A4CEBD6E1}.Debug|x64.Build.0 = Debug|Any CPU
		{42745D44-2F89-4541-9461-C86A4CEBD6E1}.Debug|x86.ActiveCfg = Debug|Any CPU
		{42745D44-2F89-4541-9461-C86A4CEBD6E1}.Debug|x86.Build.0 = Debug|Any CPU
		{42745D44-2F89-4541-9461-C86A4CEBD6E1}.Release|Any CPU.ActiveCfg = Release|Any CPU
		{42745D44-2F89-4541-9461-C86A4CEBD6E1}.Release|Any CPU.Build.0 = Release|Any CPU
		{42745D44-2F89-4541-9461-C86A4CEBD6E1}.Release|x64.ActiveCfg = Release|Any CPU
		{42745D44-2F89-4541-9461-C86A4CEBD6E1}.Release|x64.Build.0 = Release|Any CPU
		{42745D44-2F89-4541-9461-C86A4CEBD6E1}.Release|x86.ActiveCfg = Release|Any CPU
		{42745D44-2F89-4541-9461-C86A4CEBD6E1}.Release|x86.Build.0 = Release|Any CPU
		{765F316F-30D7-4D62-B7D5-B1740C39953A}.Debug|Any CPU.ActiveCfg = Debug|Any CPU
		{765F316F-30D7-4D62-B7D5-B1740C39953A}.Debug|Any CPU.Build.0 = Debug|Any CPU
		{765F316F-30D7-4D62-B7D5-B1740C39953A}.Debug|x64.ActiveCfg = Debug|Any CPU
		{765F316F-30D7-4D62-B7D5-B1740C39953A}.Debug|x64.Build.0 = Debug|Any CPU
		{765F316F-30D7-4D62-B7D5-B1740C39953A}.Debug|x86.ActiveCfg = Debug|Any CPU
		{765F316F-30D7-4D62-B7D5-B1740C39953A}.Debug|x86.Build.0 = Debug|Any CPU
		{765F316F-30D7-4D62-B7D5-B1740C39953A}.Release|Any CPU.ActiveCfg = Release|Any CPU
		{765F316F-30D7-4D62-B7D5-B1740C39953A}.Release|Any CPU.Build.0 = Release|Any CPU
		{765F316F-30D7-4D62-B7D5-B1740C39953A}.Release|x64.ActiveCfg = Release|Any CPU
		{765F316F-30D7-4D62-B7D5-B1740C39953A}.Release|x64.Build.0 = Release|Any CPU
		{765F316F-30D7-4D62-B7D5-B1740C39953A}.Release|x86.ActiveCfg = Release|Any CPU
		{765F316F-30D7-4D62-B7D5-B1740C39953A}.Release|x86.Build.0 = Release|Any CPU
	EndGlobalSection
	GlobalSection(SolutionProperties) = preSolution
		HideSolutionNode = FALSE
	EndGlobalSection
	GlobalSection(ExtensibilityGlobals) = postSolution
		SolutionGuid = {F0726C2D-EDCD-4BCB-86B0-20A8C4094318}
	EndGlobalSection
EndGlobal
